<?xml version="1.0" encoding="utf-8"?>
<Project ToolsVersion="4.0" xmlns="http://schemas.microsoft.com/developer/msbuild/2003">
  <ItemGroup>
    <Filter Include="Source Files">
      <UniqueIdentifier>{4FC737F1-C7A5-4376-A066-2A32D752A2FF}</UniqueIdentifier>
      <Extensions>cpp;c;cc;cxx;def;odl;idl;hpj;bat;asm;asmx</Extensions>
    </Filter>
    <Filter Include="Header Files">
      <UniqueIdentifier>{93995380-89BD-4b04-88EB-625FBE52EBFB}</UniqueIdentifier>
      <Extensions>h;hh;hpp;hxx;hm;inl;inc;xsd</Extensions>
    </Filter>
    <Filter Include="Resource Files">
      <UniqueIdentifier>{67DA6AB6-F800-4c08-8B7A-83BB121AAD01}</UniqueIdentifier>
      <Extensions>rc;ico;cur;bmp;dlg;rc2;rct;bin;rgs;gif;jpg;jpeg;jpe;resx;tiff;tif;png;wav;mfcribbon-ms</Extensions>
    </Filter>
    <Filter Include="Source Files\Lo Files">
      <UniqueIdentifier>{305cbaaf-5b25-4223-854f-d29da2add776}</UniqueIdentifier>
    </Filter>
    <Filter Include="Source Files\Shared Files">
      <UniqueIdentifier>{e3a9bd40-914d-43bc-b4de-509fa7ef9aef}</UniqueIdentifier>
    </Filter>
    <Filter Include="Source Files\Ho Files">
      <UniqueIdentifier>{a3619751-0852-44f5-a629-85865bb56fab}</UniqueIdentifier>
    </Filter>
    <Filter Include="Header Files\Ho Files">
      <UniqueIdentifier>{7cdab5a2-3436-425d-bace-b4876ad9d937}</UniqueIdentifier>
    </Filter>
    <Filter Include="Header Files\Lo Files">
      <UniqueIdentifier>{9b4c7a31-67b6-4147-a3b7-7e86fb44fbe5}</UniqueIdentifier>
    </Filter>
    <Filter Include="Header Files\Shared Files">
      <UniqueIdentifier>{d128337d-c115-412b-9954-77c6cfc52029}</UniqueIdentifier>
    </Filter>
  </ItemGroup>
  <ItemGroup>
    <ClInclude Include="Controller.h">
      <Filter>Header Files\Shared Files</Filter>
    </ClInclude>
    <ClInclude Include="AverageCosineData.h">
      <Filter>Header Files\Lo Files</Filter>
    </ClInclude>
    <ClInclude Include="CurrentFaceTally.h">
      <Filter>Header Files\Ho Files</Filter>
    </ClInclude>
    <ClInclude Include="CurrentElementTally.h">
      <Filter>Header Files\Ho Files</Filter>
    </ClInclude>
    <ClInclude Include="DirichletBC1D.h">
      <Filter>Header Files\Shared Files</Filter>
    </ClInclude>
    <ClInclude Include="Dof.h">
      <Filter>Header Files\Lo Files</Filter>
    </ClInclude>
    <ClInclude Include="Element1D.h">
      <Filter>Header Files\Shared Files</Filter>
    </ClInclude>
    <ClInclude Include="Element.h">
      <Filter>Header Files\Shared Files</Filter>
    </ClInclude>
    <ClInclude Include="FluxFaceTally.h">
      <Filter>Header Files\Ho Files</Filter>
    </ClInclude>
    <ClInclude Include="ElementTally.h">
      <Filter>Header Files\Ho Files</Filter>
    </ClInclude>
    <ClInclude Include="FaceTally.h">
      <Filter>Header Files\Ho Files</Filter>
    </ClInclude>
    <ClInclude Include="FluxElementTally.h">
      <Filter>Header Files\Ho Files</Filter>
    </ClInclude>
    <ClInclude Include="GlobalConstants.h">
      <Filter>Header Files\Shared Files</Filter>
    </ClInclude>
    <ClInclude Include="HoSolver.h">
      <Filter>Header Files\Ho Files</Filter>
    </ClInclude>
    <ClInclude Include="LoData1D.h">
      <Filter>Header Files\Lo Files</Filter>
    </ClInclude>
    <ClInclude Include="LoSolver.h">
      <Filter>Header Files\Lo Files</Filter>
    </ClInclude>
    <ClInclude Include="LoSolver1D.h">
      <Filter>Header Files\Lo Files</Filter>
    </ClInclude>
    <ClInclude Include="MaterialConstant.h">
      <Filter>Header Files\Shared Files</Filter>
    </ClInclude>
    <ClInclude Include="Material.h">
      <Filter>Header Files\Shared Files</Filter>
    </ClInclude>
    <ClInclude Include="Tally.h">
      <Filter>Header Files\Ho Files</Filter>
    </ClInclude>
    <ClInclude Include="Source.h">
      <Filter>Header Files\Ho Files</Filter>
    </ClInclude>
    <ClInclude Include="SourceConstant.h">
      <Filter>Header Files\Ho Files</Filter>
    </ClInclude>
    <ClInclude Include="RNG.h">
      <Filter>Header Files\Ho Files</Filter>
    </ClInclude>
    <ClInclude Include="Mesh.h">
      <Filter>Header Files\Shared Files</Filter>
    </ClInclude>
    <ClInclude Include="Node.h">
      <Filter>Header Files\Shared Files</Filter>
    </ClInclude>
    <ClInclude Include="Node1D.h">
      <Filter>Header Files\Shared Files</Filter>
    </ClInclude>
    <ClInclude Include="numVector.h">
      <Filter>Header Files\Lo Files</Filter>
    </ClInclude>
    <ClInclude Include="numMatrix.h">
      <Filter>Header Files\Lo Files</Filter>
    </ClInclude>
    <ClInclude Include="numMatrixFull.h">
      <Filter>Header Files\Lo Files</Filter>
    </ClInclude>
    <ClInclude Include="oneDMesh.h">
      <Filter>Header Files\Lo Files</Filter>
    </ClInclude>
    <ClInclude Include="Particle1D.h">
      <Filter>Header Files\Ho Files</Filter>
    </ClInclude>
    <ClInclude Include="AliasSampler.h">
      <Filter>Header Files\Ho Files</Filter>
    </ClInclude>
    <ClInclude Include="DataTransfer.h">
      <Filter>Header Files\Shared Files</Filter>
    </ClInclude>
    <ClInclude Include="LinDiscSource.h">
      <Filter>Header Files\Ho Files</Filter>
    </ClInclude>
    <ClInclude Include="ResidualSource.h">
      <Filter>Header Files\Ho Files</Filter>
    </ClInclude>
    <ClInclude Include="ECMCElement.h">
      <Filter>Header Files\Ho Files</Filter>
    </ClInclude>
    <ClInclude Include="ECMCElement1D.h">
      <Filter>Header Files\Ho Files</Filter>
    </ClInclude>
    <ClInclude Include="ECMCTally.h">
      <Filter>Header Files\Ho Files</Filter>
    </ClInclude>
    <ClInclude Include="HoMesh.h">
      <Filter>Header Files\Ho Files</Filter>
    </ClInclude>
    <ClInclude Include="MeshController.h">
      <Filter>Header Files\Ho Files</Filter>
    </ClInclude>
    <ClInclude Include="StratifiedResidualSource.h">
      <Filter>Header Files\Ho Files</Filter>
    </ClInclude>
    <ClInclude Include="StandardResidualSource.h">
      <Filter>Header Files\Ho Files</Filter>
    </ClInclude>
    <ClInclude Include="CWDParticle1D.h">
      <Filter>Header Files\Ho Files</Filter>
    </ClInclude>
    <ClInclude Include="FEMUtilities.h">
      <Filter>Header Files\Ho Files</Filter>
    </ClInclude>
    <ClInclude Include="FixedSourceFunctor.h">
      <Filter>Header Files\Shared Files</Filter>
    </ClInclude>
    <ClInclude Include="ConstFixedSource.h">
      <Filter>Header Files\Shared Files</Filter>
    </ClInclude>
    <ClInclude Include="MMSFixedSource.h">
      <Filter>Header Files\Shared Files</Filter>
    </ClInclude>
    <ClInclude Include="ExactSolution.h">
      <Filter>Header Files\Shared Files</Filter>
    </ClInclude>
  </ItemGroup>
  <ItemGroup>
    <ClCompile Include="Dof.cpp">
      <Filter>Source Files\Lo Files</Filter>
    </ClCompile>
    <ClCompile Include="Element.cpp">
      <Filter>Source Files\Lo Files</Filter>
    </ClCompile>
    <ClCompile Include="Element1D.cpp">
      <Filter>Source Files\Lo Files</Filter>
    </ClCompile>
    <ClCompile Include="ElementTally.cpp">
      <Filter>Source Files\Ho Files</Filter>
    </ClCompile>
    <ClCompile Include="FaceTally.cpp">
      <Filter>Source Files\Ho Files</Filter>
    </ClCompile>
    <ClCompile Include="HoSolver.cpp">
      <Filter>Source Files\Ho Files</Filter>
    </ClCompile>
    <ClCompile Include="DirichletBC1D.cpp">
      <Filter>Source Files\Shared Files</Filter>
    </ClCompile>
    <ClCompile Include="LoData1D.cpp">
      <Filter>Source Files\Lo Files</Filter>
    </ClCompile>
    <ClCompile Include="LoSolver.cpp">
      <Filter>Source Files\Lo Files</Filter>
    </ClCompile>
    <ClCompile Include="LoSolver1D.cpp">
      <Filter>Source Files\Lo Files</Filter>
    </ClCompile>
    <ClCompile Include="MaterialConstant.cpp">
      <Filter>Source Files\Shared Files</Filter>
    </ClCompile>
    <ClCompile Include="Mesh.cpp">
      <Filter>Source Files\Shared Files</Filter>
    </ClCompile>
    <ClCompile Include="Tally.cpp">
      <Filter>Source Files\Ho Files</Filter>
    </ClCompile>
    <ClCompile Include="Source.cpp">
      <Filter>Source Files\Ho Files</Filter>
    </ClCompile>
    <ClCompile Include="RNG.cpp">
      <Filter>Source Files\Ho Files</Filter>
    </ClCompile>
    <ClCompile Include="Particle1D.cpp">
      <Filter>Source Files\Ho Files</Filter>
    </ClCompile>
    <ClCompile Include="numVector.cpp">
      <Filter>Source Files\Lo Files</Filter>
    </ClCompile>
    <ClCompile Include="numMatrix.cpp">
      <Filter>Source Files\Lo Files</Filter>
    </ClCompile>
    <ClCompile Include="numMatrixFull.cpp">
      <Filter>Source Files\Lo Files</Filter>
    </ClCompile>
    <ClCompile Include="Node1D.cpp">
      <Filter>Source Files\Lo Files</Filter>
    </ClCompile>
    <ClCompile Include="Node.cpp">
      <Filter>Source Files\Lo Files</Filter>
    </ClCompile>
    <ClCompile Include="main.cpp">
      <Filter>Source Files\Shared Files</Filter>
    </ClCompile>
    <ClCompile Include="CurrentElementTally.cpp">
      <Filter>Source Files\Ho Files</Filter>
    </ClCompile>
    <ClCompile Include="CurrentFaceTally.cpp">
      <Filter>Source Files\Ho Files</Filter>
    </ClCompile>
    <ClCompile Include="FluxElementTally.cpp">
      <Filter>Source Files\Ho Files</Filter>
    </ClCompile>
    <ClCompile Include="FluxFaceTally.cpp">
      <Filter>Source Files\Ho Files</Filter>
    </ClCompile>
    <ClCompile Include="AliasSampler.cpp">
      <Filter>Source Files\Ho Files</Filter>
    </ClCompile>
    <ClCompile Include="DataTransfer.cpp">
      <Filter>Source Files\Shared Files</Filter>
    </ClCompile>
    <ClCompile Include="LinDiscSource.cpp">
      <Filter>Source Files\Ho Files</Filter>
    </ClCompile>
    <ClCompile Include="ResidualSource.cpp">
      <Filter>Source Files\Ho Files</Filter>
    </ClCompile>
    <ClCompile Include="ECMCElement1D.cpp">
      <Filter>Source Files\Ho Files</Filter>
    </ClCompile>
    <ClCompile Include="ECMCTally.cpp">
      <Filter>Source Files\Ho Files</Filter>
    </ClCompile>
    <ClCompile Include="ECMCElement.cpp">
      <Filter>Source Files\Ho Files</Filter>
    </ClCompile>
    <ClCompile Include="HoMesh.cpp">
      <Filter>Source Files\Ho Files</Filter>
    </ClCompile>
    <ClCompile Include="MeshController.cpp">
      <Filter>Source Files\Ho Files</Filter>
    </ClCompile>
    <ClCompile Include="StratifiedResidualSource.cpp">
      <Filter>Source Files\Ho Files</Filter>
    </ClCompile>
    <ClCompile Include="StandardResidualSource.cpp">
      <Filter>Source Files\Ho Files</Filter>
    </ClCompile>
    <ClCompile Include="CWDParticle1D.cpp">
      <Filter>Source Files\Ho Files</Filter>
    </ClCompile>
    <ClCompile Include="FEMUtilties.cpp">
      <Filter>Source Files\Ho Files</Filter>
    </ClCompile>
    <ClCompile Include="FixedSourceFunctor.cpp">
      <Filter>Source Files\Shared Files</Filter>
    </ClCompile>
    <ClCompile Include="ConstFixedSource.cpp">
      <Filter>Source Files\Shared Files</Filter>
    </ClCompile>
    <ClCompile Include="MMSFixedSource.cpp">
      <Filter>Source Files\Shared Files</Filter>
    </ClCompile>
    <ClCompile Include="ExactSolution.cpp">
      <Filter>Source Files\Shared Files</Filter>
    </ClCompile>
  </ItemGroup>
</Project>